
Microsoft Visual Studio Solution File, Format Version 12.00
# Visual Studio Version 17
VisualStudioVersion = 17.0.32112.339
MinimumVisualStudioVersion = 10.0.40219.1
Project("{FAE04EC0-301F-11D3-BF4B-00C04F79EFBC}") = "Conquest", "Conquest.csproj", "{E8D1B6E8-D163-4BA2-A664-6C4E5C6C6EEB}"
EndProject
Global
	GlobalSection(SolutionConfigurationPlatforms) = preSolution
		Debug|Any CPU = Debug|Any CPU
		Release|Any CPU = Release|Any CPU
	EndGlobalSection
	GlobalSection(ProjectConfigurationPlatforms) = postSolution
		{E8D1B6E8-D163-4BA2-A664-6C4E5C6C6EEB}.Debug|Any CPU.ActiveCfg = Debug|Any CPU
		{E8D1B6E8-D163-4BA2-A664-6C4E5C6C6EEB}.Debug|Any CPU.Build.0 = Debug|Any CPU
		{E8D1B6E8-D163-4BA2-A664-6C4E5C6C6EEB}.Release|Any CPU.ActiveCfg = Release|Any CPU
		{E8D1B6E8-D163-4BA2-A664-6C4E5C6C6EEB}.Release|Any CPU.Build.0 = Release|Any CPU
	EndGlobalSection
	GlobalSection(SolutionProperties) = preSolution
		HideSolutionNode = FALSE
	EndGlobalSection
	GlobalSection(ExtensibilityGlobals) = postSolution
		SolutionGuid = {CA7FE35B-7E00-4594-A210-5818382CF9F6}
	EndGlobalSection
EndGlobal
